// !$*UTF8*$!
{
	archiveVersion = 1;
	classes = {
	};
	objectVersion = 50;
	objects = {

/* Begin PBXBuildFile section */
		258A4FF9DC741B0A07CF63FD /* Pods_TestingMLAllImages.framework in Frameworks */ = {isa = PBXBuildFile; fileRef = FA8EA2D371856AC6D1C8D452 /* Pods_TestingMLAllImages.framework */; };
		BA87BC8E21EC85350002D72D /* AppDelegate.swift in Sources */ = {isa = PBXBuildFile; fileRef = BA87BC8D21EC85350002D72D /* AppDelegate.swift */; };
		BA87BC9021EC85350002D72D /* ViewController.swift in Sources */ = {isa = PBXBuildFile; fileRef = BA87BC8F21EC85350002D72D /* ViewController.swift */; };
		BA87BC9321EC85350002D72D /* Main.storyboard in Resources */ = {isa = PBXBuildFile; fileRef = BA87BC9121EC85350002D72D /* Main.storyboard */; };
		BA87BC9621EC85350002D72D /* TestingMLAllImages.xcdatamodeld in Sources */ = {isa = PBXBuildFile; fileRef = BA87BC9421EC85350002D72D /* TestingMLAllImages.xcdatamodeld */; };
		BA87BC9821EC85370002D72D /* Assets.xcassets in Resources */ = {isa = PBXBuildFile; fileRef = BA87BC9721EC85370002D72D /* Assets.xcassets */; };
		BA87BC9B21EC85370002D72D /* LaunchScreen.storyboard in Resources */ = {isa = PBXBuildFile; fileRef = BA87BC9921EC85370002D72D /* LaunchScreen.storyboard */; };
		BA87BCA321EC88510002D72D /* MobileNet.mlmodel in Sources */ = {isa = PBXBuildFile; fileRef = BA87BCA221EC88510002D72D /* MobileNet.mlmodel */; };
/* End PBXBuildFile section */

/* Begin PBXFileReference section */
		BA87BC8A21EC85350002D72D /* TestingMLAllImages.app */ = {isa = PBXFileReference; explicitFileType = wrapper.application; includeInIndex = 0; path = TestingMLAllImages.app; sourceTree = BUILT_PRODUCTS_DIR; };
		BA87BC8D21EC85350002D72D /* AppDelegate.swift */ = {isa = PBXFileReference; lastKnownFileType = sourcecode.swift; path = AppDelegate.swift; sourceTree = "<group>"; };
		BA87BC8F21EC85350002D72D /* ViewController.swift */ = {isa = PBXFileReference; lastKnownFileType = sourcecode.swift; path = ViewController.swift; sourceTree = "<group>"; };
		BA87BC9221EC85350002D72D /* Base */ = {isa = PBXFileReference; lastKnownFileType = file.storyboard; name = Base; path = Base.lproj/Main.storyboard; sourceTree = "<group>"; };
		BA87BC9521EC85350002D72D /* TestingMLAllImages.xcdatamodel */ = {isa = PBXFileReference; lastKnownFileType = wrapper.xcdatamodel; path = TestingMLAllImages.xcdatamodel; sourceTree = "<group>"; };
		BA87BC9721EC85370002D72D /* Assets.xcassets */ = {isa = PBXFileReference; lastKnownFileType = folder.assetcatalog; path = Assets.xcassets; sourceTree = "<group>"; };
		BA87BC9A21EC85370002D72D /* Base */ = {isa = PBXFileReference; lastKnownFileType = file.storyboard; name = Base; path = Base.lproj/LaunchScreen.storyboard; sourceTree = "<group>"; };
		BA87BC9C21EC85370002D72D /* Info.plist */ = {isa = PBXFileReference; lastKnownFileType = text.plist.xml; path = Info.plist; sourceTree = "<group>"; };
		BA87BCA221EC88510002D72D /* MobileNet.mlmodel */ = {isa = PBXFileReference; lastKnownFileType = file.mlmodel; path = MobileNet.mlmodel; sourceTree = "<group>"; };
		D45A5AB2934828B1FA3193DD /* Pods-TestingMLAllImages.debug.xcconfig */ = {isa = PBXFileReference; includeInIndex = 1; lastKnownFileType = text.xcconfig; name = "Pods-TestingMLAllImages.debug.xcconfig"; path = "Target Support Files/Pods-TestingMLAllImages/Pods-TestingMLAllImages.debug.xcconfig"; sourceTree = "<group>"; };
		FA89F5B21B3052A2DD469522 /* Pods-TestingMLAllImages.release.xcconfig */ = {isa = PBXFileReference; includeInIndex = 1; lastKnownFileType = text.xcconfig; name = "Pods-TestingMLAllImages.release.xcconfig"; path = "Target Support Files/Pods-TestingMLAllImages/Pods-TestingMLAllImages.release.xcconfig"; sourceTree = "<group>"; };
		FA8EA2D371856AC6D1C8D452 /* Pods_TestingMLAllImages.framework */ = {isa = PBXFileReference; explicitFileType = wrapper.framework; includeInIndex = 0; path = Pods_TestingMLAllImages.framework; sourceTree = BUILT_PRODUCTS_DIR; };
/* End PBXFileReference section */

/* Begin PBXFrameworksBuildPhase section */
		BA87BC8721EC85350002D72D /* Frameworks */ = {
			isa = PBXFrameworksBuildPhase;
			buildActionMask = 2147483647;
			files = (
				258A4FF9DC741B0A07CF63FD /* Pods_TestingMLAllImages.framework in Frameworks */,
			);
			runOnlyForDeploymentPostprocessing = 0;
		};
/* End PBXFrameworksBuildPhase section */

/* Begin PBXGroup section */
		1ED0E4EE49164D67242145CB /* Pods */ = {
			isa = PBXGroup;
			children = (
				D45A5AB2934828B1FA3193DD /* Pods-TestingMLAllImages.debug.xcconfig */,
				FA89F5B21B3052A2DD469522 /* Pods-TestingMLAllImages.release.xcconfig */,
			);
			name = Pods;
			path = Pods;
			sourceTree = "<group>";
		};
		3BD088A6F1B0EACE54C2A262 /* Frameworks */ = {
			isa = PBXGroup;
			children = (
				FA8EA2D371856AC6D1C8D452 /* Pods_TestingMLAllImages.framework */,
			);
			name = Frameworks;
			sourceTree = "<group>";
		};
		BA87BC8121EC85350002D72D = {
			isa = PBXGroup;
			children = (
				BA87BC8C21EC85350002D72D /* TestingMLAllImages */,
				BA87BC8B21EC85350002D72D /* Products */,
				1ED0E4EE49164D67242145CB /* Pods */,
				3BD088A6F1B0EACE54C2A262 /* Frameworks */,
			);
			sourceTree = "<group>";
		};
		BA87BC8B21EC85350002D72D /* Products */ = {
			isa = PBXGroup;
			children = (
				BA87BC8A21EC85350002D72D /* TestingMLAllImages.app */,
			);
			name = Products;
			sourceTree = "<group>";
		};
		BA87BC8C21EC85350002D72D /* TestingMLAllImages */ = {
			isa = PBXGroup;
			children = (
				BA87BC8D21EC85350002D72D /* AppDelegate.swift */,
				BA87BC8F21EC85350002D72D /* ViewController.swift */,
				BA87BC9121EC85350002D72D /* Main.storyboard */,
				BA87BC9721EC85370002D72D /* Assets.xcassets */,
				BA87BCA221EC88510002D72D /* MobileNet.mlmodel */,
				BA87BC9921EC85370002D72D /* LaunchScreen.storyboard */,
				BA87BC9C21EC85370002D72D /* Info.plist */,
				BA87BC9421EC85350002D72D /* TestingMLAllImages.xcdatamodeld */,
			);
			path = TestingMLAllImages;
			sourceTree = "<group>";
		};
/* End PBXGroup section */

/* Begin PBXNativeTarget section */
		BA87BC8921EC85350002D72D /* TestingMLAllImages */ = {
			isa = PBXNativeTarget;
			buildConfigurationList = BA87BC9F21EC85370002D72D /* Build configuration list for PBXNativeTarget "TestingMLAllImages" */;
			buildPhases = (
				262D65C4C17A97344E419F0D /* [CP] Check Pods Manifest.lock */,
				BA87BC8621EC85350002D72D /* Sources */,
				BA87BC8721EC85350002D72D /* Frameworks */,
				BA87BC8821EC85350002D72D /* Resources */,
			);
			buildRules = (
			);
			dependencies = (
			);
			name = TestingMLAllImages;
			productName = TestingMLAllImages;
			productReference = BA87BC8A21EC85350002D72D /* TestingMLAllImages.app */;
			productType = "com.apple.product-type.application";
		};
/* End PBXNativeTarget section */

/* Begin PBXProject section */
		BA87BC8221EC85350002D72D /* Project object */ = {
			isa = PBXProject;
			attributes = {
				LastSwiftUpdateCheck = 1000;
				LastUpgradeCheck = 1000;
				ORGANIZATIONNAME = "Alexey Klygin";
				TargetAttributes = {
					BA87BC8921EC85350002D72D = {
						CreatedOnToolsVersion = 10.0;
					};
				};
			};
			buildConfigurationList = BA87BC8521EC85350002D72D /* Build configuration list for PBXProject "TestingMLAllImages" */;
			compatibilityVersion = "Xcode 9.3";
			developmentRegion = en;
			hasScannedForEncodings = 0;
			knownRegions = (
				en,
				Base,
			);
			mainGroup = BA87BC8121EC85350002D72D;
			productRefGroup = BA87BC8B21EC85350002D72D /* Products */;
			projectDirPath = "";
			projectRoot = "";
			targets = (
				BA87BC8921EC85350002D72D /* TestingMLAllImages */,
			);
		};
/* End PBXProject section */

/* Begin PBXResourcesBuildPhase section */
		BA87BC8821EC85350002D72D /* Resources */ = {
			isa = PBXResourcesBuildPhase;
			buildActionMask = 2147483647;
			files = (
				BA87BC9B21EC85370002D72D /* LaunchScreen.storyboard in Resources */,
				BA87BC9821EC85370002D72D /* Assets.xcassets in Resources */,
				BA87BC9321EC85350002D72D /* Main.storyboard in Resources */,
			);
			runOnlyForDeploymentPostprocessing = 0;
		};
/* End PBXResourcesBuildPhase section */

/* Begin PBXShellScriptBuildPhase section */
		262D65C4C17A97344E419F0D /* [CP] Check Pods Manifest.lock */ = {
			isa = PBXShellScriptBuildPhase;
			buildActionMask = 2147483647;
			files = (
			);
			inputFileListPaths = (
			);
			inputPaths = (
				"${PODS_PODFILE_DIR_PATH}/Podfile.lock",
				"${PODS_ROOT}/Manifest.lock",
			);
			name = "[CP] Check Pods Manifest.lock";
			outputFileListPaths = (
			);
			outputPaths = (
				"$(DERIVED_FILE_DIR)/Pods-TestingMLAllImages-checkManifestLockResult.txt",
			);
			runOnlyForDeploymentPostprocessing = 0;
			shellPath = /bin/sh;
			shellScript = "diff \"${PODS_PODFILE_DIR_PATH}/Podfile.lock\" \"${PODS_ROOT}/Manifest.lock\" > /dev/null\nif [ $? != 0 ] ; then\n    # print error to STDERR\n    echo \"error: The sandbox is not in sync with the Podfile.lock. Run 'pod install' or update your CocoaPods installation.\" >&2\n    exit 1\nfi\n# This output is used by Xcode 'outputs' to avoid re-running this script phase.\necho \"SUCCESS\" > \"${SCRIPT_OUTPUT_FILE_0}\"\n";
			showEnvVarsInLog = 0;
		};
/* End PBXShellScriptBuildPhase section */

/* Begin PBXSourcesBuildPhase section */
		BA87BC8621EC85350002D72D /* Sources */ = {
			isa = PBXSourcesBuildPhase;
			buildActionMask = 2147483647;
			files = (
				BA87BCA321EC88510002D72D /* MobileNet.mlmodel in Sources */,
				BA87BC9621EC85350002D72D /* TestingMLAllImages.xcdatamodeld in Sources */,
				BA87BC9021EC85350002D72D /* ViewController.swift in Sources */,
				BA87BC8E21EC85350002D72D /* AppDelegate.swift in Sources */,
			);
			runOnlyForDeploymentPostprocessing = 0;
		};
/* End PBXSourcesBuildPhase section */

/* Begin PBXVariantGroup section */
		BA87BC9121EC85350002D72D /* Main.storyboard */ = {
			isa = PBXVariantGroup;
			children = (
				BA87BC9221EC85350002D72D /* Base */,
			);
			name = Main.storyboard;
			sourceTree = "<group>";
		};
		BA87BC9921EC85370002D72D /* LaunchScreen.storyboard */ = {
			isa = PBXVariantGroup;
			children = (
				BA87BC9A21EC85370002D72D /* Base */,
			);
			name = LaunchScreen.storyboard;
			sourceTree = "<group>";
		};
/* End PBXVariantGroup section */

/* Begin XCBuildConfiguration section */
		BA87BC9D21EC85370002D72D /* Debug */ = {
			isa = XCBuildConfiguration;
			buildSettings = {
				ALWAYS_SEARCH_USER_PATHS = NO;
				CLANG_ANALYZER_NONNULL = YES;
				CLANG_ANALYZER_NUMBER_OBJECT_CONVERSION = YES_AGGRESSIVE;
				CLANG_CXX_LANGUAGE_STANDARD = "gnu++14";
				CLANG_CXX_LIBRARY = "libc++";
				CLANG_ENABLE_MODULES = YES;
				CLANG_ENABLE_OBJC_ARC = YES;
				CLANG_ENABLE_OBJC_WEAK = YES;
				CLANG_WARN_BLOCK_CAPTURE_AUTORELEASING = YES;
				CLANG_WARN_BOOL_CONVERSION = YES;
				CLANG_WARN_COMMA = YES;
				CLANG_WARN_CONSTANT_CONVERSION = YES;
				CLANG_WARN_DEPRECATED_OBJC_IMPLEMENTATIONS = YES;
				CLANG_WARN_DIRECT_OBJC_ISA_USAGE = YES_ERROR;
				CLANG_WARN_DOCUMENTATION_COMMENTS = YES;
				CLANG_WARN_EMPTY_BODY = YES;
				CLANG_WARN_ENUM_CONVERSION = YES;
				CLANG_WARN_INFINITE_RECURSION = YES;
				CLANG_WARN_INT_CONVERSION = YES;
				CLANG_WARN_NON_LITERAL_NULL_CONVERSION = YES;
				CLANG_WARN_OBJC_IMPLICIT_RETAIN_SELF = YES;
				CLANG_WARN_OBJC_LITERAL_CONVERSION = YES;
				CLANG_WARN_OBJC_ROOT_CLASS = YES_ERROR;
				CLANG_WARN_RANGE_LOOP_ANALYSIS = YES;
				CLANG_WARN_STRICT_PROTOTYPES = YES;
				CLANG_WARN_SUSPICIOUS_MOVE = YES;
				CLANG_WARN_UNGUARDED_AVAILABILITY = YES_AGGRESSIVE;
				CLANG_WARN_UNREACHABLE_CODE = YES;
				CLANG_WARN__DUPLICATE_METHOD_MATCH = YES;
				CODE_SIGN_IDENTITY = "iPhone Developer";
				COPY_PHASE_STRIP = NO;
				DEBUG_INFORMATION_FORMAT = dwarf;
				ENABLE_STRICT_OBJC_MSGSEND = YES;
				ENABLE_TESTABILITY = YES;
				GCC_C_LANGUAGE_STANDARD = gnu11;
				GCC_DYNAMIC_NO_PIC = NO;
				GCC_NO_COMMON_BLOCKS = YES;
				GCC_OPTIMIZATION_LEVEL = 0;
				GCC_PREPROCESSOR_DEFINITIONS = (
					"DEBUG=1",
					"$(inherited)",
				);
				GCC_WARN_64_TO_32_BIT_CONVERSION = YES;
				GCC_WARN_ABOUT_RETURN_TYPE = YES_ERROR;
				GCC_WARN_UNDECLARED_SELECTOR = YES;
				GCC_WARN_UNINITIALIZED_AUTOS = YES_AGGRESSIVE;
				GCC_WARN_UNUSED_FUNCTION = YES;
				GCC_WARN_UNUSED_VARIABLE = YES;
				IPHONEOS_DEPLOYMENT_TARGET = 12.0;
				MTL_ENABLE_DEBUG_INFO = INCLUDE_SOURCE;
				MTL_FAST_MATH = YES;
				ONLY_ACTIVE_ARCH = YES;
				SDKROOT = iphoneos;
				SWIFT_ACTIVE_COMPILATION_CONDITIONS = DEBUG;
				SWIFT_OPTIMIZATION_LEVEL = "-Onone";
			};
			name = Debug;
		};
		BA87BC9E21EC85370002D72D /* Release */ = {
			isa = XCBuildConfiguration;
			buildSettings = {
				ALWAYS_SEARCH_USER_PATHS = NO;
				CLANG_ANALYZER_NONNULL = YES;
				CLANG_ANALYZER_NUMBER_OBJECT_CONVERSION = YES_AGGRESSIVE;
				CLANG_CXX_LANGUAGE_STANDARD = "gnu++14";
				CLANG_CXX_LIBRARY = "libc++";
				CLANG_ENABLE_MODULES = YES;
				CLANG_ENABLE_OBJC_ARC = YES;
				CLANG_ENABLE_OBJC_WEAK = YES;
				CLANG_WARN_BLOCK_CAPTURE_AUTORELEASING = YES;
				CLANG_WARN_BOOL_CONVERSION = YES;
				CLANG_WARN_COMMA = YES;
				CLANG_WARN_CONSTANT_CONVERSION = YES;
				CLANG_WARN_DEPRECATED_OBJC_IMPLEMENTATIONS = YES;
				CLANG_WARN_DIRECT_OBJC_ISA_USAGE = YES_ERROR;
				CLANG_WARN_DOCUMENTATION_COMMENTS = YES;
				CLANG_WARN_EMPTY_BODY = YES;
				CLANG_WARN_ENUM_CONVERSION = YES;
				CLANG_WARN_INFINITE_RECURSION = YES;
				CLANG_WARN_INT_CONVERSION = YES;
				CLANG_WARN_NON_LITERAL_NULL_CONVERSION = YES;
				CLANG_WARN_OBJC_IMPLICIT_RETAIN_SELF = YES;
				CLANG_WARN_OBJC_LITERAL_CONVERSION = YES;
				CLANG_WARN_OBJC_ROOT_CLASS = YES_ERROR;
				CLANG_WARN_RANGE_LOOP_ANALYSIS = YES;
				CLANG_WARN_STRICT_PROTOTYPES = YES;
				CLANG_WARN_SUSPICIOUS_MOVE = YES;
				CLANG_WARN_UNGUARDED_AVAILABILITY = YES_AGGRESSIVE;
				CLANG_WARN_UNREACHABLE_CODE = YES;
				CLANG_WARN__DUPLICATE_METHOD_MATCH = YES;
				CODE_SIGN_IDENTITY = "iPhone Developer";
				COPY_PHASE_STRIP = NO;
				DEBUG_INFORMATION_FORMAT = "dwarf-with-dsym";
				ENABLE_NS_ASSERTIONS = NO;
				ENABLE_STRICT_OBJC_MSGSEND = YES;
				GCC_C_LANGUAGE_STANDARD = gnu11;
				GCC_NO_COMMON_BLOCKS = YES;
				GCC_WARN_64_TO_32_BIT_CONVERSION = YES;
				GCC_WARN_ABOUT_RETURN_TYPE = YES_ERROR;
				GCC_WARN_UNDECLARED_SELECTOR = YES;
				GCC_WARN_UNINITIALIZED_AUTOS = YES_AGGRESSIVE;
				GCC_WARN_UNUSED_FUNCTION = YES;
				GCC_WARN_UNUSED_VARIABLE = YES;
				IPHONEOS_DEPLOYMENT_TARGET = 12.0;
				MTL_ENABLE_DEBUG_INFO = NO;
				MTL_FAST_MATH = YES;
				SDKROOT = iphoneos;
				SWIFT_COMPILATION_MODE = wholemodule;
				SWIFT_OPTIMIZATION_LEVEL = "-O";
				VALIDATE_PRODUCT = YES;
			};
			name = Release;
		};
		BA87BCA021EC85370002D72D /* Debug */ = {
			isa = XCBuildConfiguration;
			baseConfigurationReference = D45A5AB2934828B1FA3193DD /* Pods-TestingMLAllImages.debug.xcconfig */;
			buildSettings = {
				ASSETCATALOG_COMPILER_APPICON_NAME = AppIcon;
				CODE_SIGN_STYLE = Automatic;
				DEVELOPMENT_TEAM = JCUHTJANQ3;
				INFOPLIST_FILE = TestingMLAllImages/Info.plist;
				LD_RUNPATH_SEARCH_PATHS = (
					"$(inherited)",
					"@executable_path/Frameworks",
				);
				PRODUCT_BUNDLE_IDENTIFIER = Farcon.TestingMLAllImages;
				PRODUCT_NAME = "$(TARGET_NAME)";
				SWIFT_VERSION = 4.2;
				TARGETED_DEVICE_FAMILY = "1,2";
			};
			name = Debug;
		};
		BA87BCA121EC85370002D72D /* Release */ = {
			isa = XCBuildConfiguration;
			baseConfigurationReference = FA89F5B21B3052A2DD469522 /* Pods-TestingMLAllImages.release.xcconfig */;
			buildSettings = {
				ASSETCATALOG_COMPILER_APPICON_NAME = AppIcon;
				CODE_SIGN_STYLE = Automatic;
				DEVELOPMENT_TEAM = JCUHTJANQ3;
				INFOPLIST_FILE = TestingMLAllImages/Info.plist;
				LD_RUNPATH_SEARCH_PATHS = (
					"$(inherited)",
					"@executable_path/Frameworks",
				);
				PRODUCT_BUNDLE_IDENTIFIER = Farcon.TestingMLAllImages;
				PRODUCT_NAME = "$(TARGET_NAME)";
				SWIFT_VERSION = 4.2;
				TARGETED_DEVICE_FAMILY = "1,2";
			};
			name = Release;
		};
/* End XCBuildConfiguration section */

/* Begin XCConfigurationList section */
		BA87BC8521EC85350002D72D /* Build configuration list for PBXProject "TestingMLAllImages" */ = {
			isa = XCConfigurationList;
			buildConfigurations = (
				BA87BC9D21EC85370002D72D /* Debug */,
				BA87BC9E21EC85370002D72D /* Release */,
			);
			defaultConfigurationIsVisible = 0;
			defaultConfigurationName = Release;
		};
		BA87BC9F21EC85370002D72D /* Build configuration list for PBXNativeTarget "TestingMLAllImages" */ = {
			isa = XCConfigurationList;
			buildConfigurations = (
				BA87BCA021EC85370002D72D /* Debug */,
				BA87BCA121EC85370002D72D /* Release */,
			);
			defaultConfigurationIsVisible = 0;
			defaultConfigurationName = Release;
		};
/* End XCConfigurationList section */

/* Begin XCVersionGroup section */
		BA87BC9421EC85350002D72D /* TestingMLAllImages.xcdatamodeld */ = {
			isa = XCVersionGroup;
			children = (
				BA87BC9521EC85350002D72D /* TestingMLAllImages.xcdatamodel */,
			);
			currentVersion = BA87BC9521EC85350002D72D /* TestingMLAllImages.xcdatamodel */;
			path = TestingMLAllImages.xcdatamodeld;
			sourceTree = "<group>";
			versionGroupType = wrapper.xcdatamodel;
		};
/* End XCVersionGroup section */
	};
	rootObject = BA87BC8221EC85350002D72D /* Project object */;
}
